// !$*UTF8*$!
{
	archiveVersion = 1;
	classes = {
	};
	objectVersion = 46;
	objects = {

/* Begin PBXBuildFile section */
		1FB839B4E3EF2127953DFAF1 /* Pods_chdo_fold.framework in Frameworks */ = {isa = PBXBuildFile; fileRef = 72A224FBCAE012E7F735939C /* Pods_chdo_fold.framework */; };
		E941BF161E83F07B00086BA5 /* NodeDB.swift in Sources */ = {isa = PBXBuildFile; fileRef = E941BF151E83F07B00086BA5 /* NodeDB.swift */; };
		E96AD8521E976DBE0081552A /* DeleteNode.swift in Sources */ = {isa = PBXBuildFile; fileRef = E96AD8511E976DBE0081552A /* DeleteNode.swift */; };
		E9820EA41E780F530059DCB3 /* AppDelegate.swift in Sources */ = {isa = PBXBuildFile; fileRef = E9820EA31E780F530059DCB3 /* AppDelegate.swift */; };
		E9820EAB1E780F530059DCB3 /* Assets.xcassets in Resources */ = {isa = PBXBuildFile; fileRef = E9820EAA1E780F530059DCB3 /* Assets.xcassets */; };
		E9820EAE1E780F530059DCB3 /* LaunchScreen.storyboard in Resources */ = {isa = PBXBuildFile; fileRef = E9820EAC1E780F530059DCB3 /* LaunchScreen.storyboard */; };
		E9820EB91E780F530059DCB3 /* chdo_foldTests.swift in Sources */ = {isa = PBXBuildFile; fileRef = E9820EB81E780F530059DCB3 /* chdo_foldTests.swift */; };
		E9820EC41E780F530059DCB3 /* chdo_foldUITests.swift in Sources */ = {isa = PBXBuildFile; fileRef = E9820EC31E780F530059DCB3 /* chdo_foldUITests.swift */; };
		E9820ED21E781E3A0059DCB3 /* TableViewController.swift in Sources */ = {isa = PBXBuildFile; fileRef = E9820ED11E781E3A0059DCB3 /* TableViewController.swift */; };
		E9820ED91E78225F0059DCB3 /* NodeMD.swift in Sources */ = {isa = PBXBuildFile; fileRef = E9820ED81E78225F0059DCB3 /* NodeMD.swift */; };
		E9820EDC1E7824060059DCB3 /* static.swift in Sources */ = {isa = PBXBuildFile; fileRef = E9820EDB1E7824060059DCB3 /* static.swift */; };
		E9820EDE1E7827890059DCB3 /* NodeStruct.swift in Sources */ = {isa = PBXBuildFile; fileRef = E9820EDD1E7827890059DCB3 /* NodeStruct.swift */; };
/* End PBXBuildFile section */

/* Begin PBXContainerItemProxy section */
		E9820EB51E780F530059DCB3 /* PBXContainerItemProxy */ = {
			isa = PBXContainerItemProxy;
			containerPortal = E9820E981E780F530059DCB3 /* Project object */;
			proxyType = 1;
			remoteGlobalIDString = E9820E9F1E780F530059DCB3;
			remoteInfo = chdo_fold;
		};
		E9820EC01E780F530059DCB3 /* PBXContainerItemProxy */ = {
			isa = PBXContainerItemProxy;
			containerPortal = E9820E981E780F530059DCB3 /* Project object */;
			proxyType = 1;
			remoteGlobalIDString = E9820E9F1E780F530059DCB3;
			remoteInfo = chdo_fold;
		};
/* End PBXContainerItemProxy section */

/* Begin PBXFileReference section */
		29C08B61FC2859AB4F37B075 /* Pods-chdo_fold.release.xcconfig */ = {isa = PBXFileReference; includeInIndex = 1; lastKnownFileType = text.xcconfig; name = "Pods-chdo_fold.release.xcconfig"; path = "Pods/Target Support Files/Pods-chdo_fold/Pods-chdo_fold.release.xcconfig"; sourceTree = "<group>"; };
		5670A36B382A2375410BF3CC /* Pods-chdo_fold.debug.xcconfig */ = {isa = PBXFileReference; includeInIndex = 1; lastKnownFileType = text.xcconfig; name = "Pods-chdo_fold.debug.xcconfig"; path = "Pods/Target Support Files/Pods-chdo_fold/Pods-chdo_fold.debug.xcconfig"; sourceTree = "<group>"; };
		72A224FBCAE012E7F735939C /* Pods_chdo_fold.framework */ = {isa = PBXFileReference; explicitFileType = wrapper.framework; includeInIndex = 0; path = Pods_chdo_fold.framework; sourceTree = BUILT_PRODUCTS_DIR; };
		E941BF151E83F07B00086BA5 /* NodeDB.swift */ = {isa = PBXFileReference; fileEncoding = 4; lastKnownFileType = sourcecode.swift; path = NodeDB.swift; sourceTree = "<group>"; };
		E96AD8511E976DBE0081552A /* DeleteNode.swift */ = {isa = PBXFileReference; fileEncoding = 4; lastKnownFileType = sourcecode.swift; path = DeleteNode.swift; sourceTree = "<group>"; };
		E9820EA01E780F530059DCB3 /* chdo_fold.app */ = {isa = PBXFileReference; explicitFileType = wrapper.application; includeInIndex = 0; path = chdo_fold.app; sourceTree = BUILT_PRODUCTS_DIR; };
		E9820EA31E780F530059DCB3 /* AppDelegate.swift */ = {isa = PBXFileReference; lastKnownFileType = sourcecode.swift; path = AppDelegate.swift; sourceTree = "<group>"; };
		E9820EAA1E780F530059DCB3 /* Assets.xcassets */ = {isa = PBXFileReference; lastKnownFileType = folder.assetcatalog; path = Assets.xcassets; sourceTree = "<group>"; };
		E9820EAD1E780F530059DCB3 /* Base */ = {isa = PBXFileReference; lastKnownFileType = file.storyboard; name = Base; path = Base.lproj/LaunchScreen.storyboard; sourceTree = "<group>"; };
		E9820EAF1E780F530059DCB3 /* Info.plist */ = {isa = PBXFileReference; lastKnownFileType = text.plist.xml; path = Info.plist; sourceTree = "<group>"; };
		E9820EB41E780F530059DCB3 /* chdo_foldTests.xctest */ = {isa = PBXFileReference; explicitFileType = wrapper.cfbundle; includeInIndex = 0; path = chdo_foldTests.xctest; sourceTree = BUILT_PRODUCTS_DIR; };
		E9820EB81E780F530059DCB3 /* chdo_foldTests.swift */ = {isa = PBXFileReference; lastKnownFileType = sourcecode.swift; path = chdo_foldTests.swift; sourceTree = "<group>"; };
		E9820EBA1E780F530059DCB3 /* Info.plist */ = {isa = PBXFileReference; lastKnownFileType = text.plist.xml; path = Info.plist; sourceTree = "<group>"; };
		E9820EBF1E780F530059DCB3 /* chdo_foldUITests.xctest */ = {isa = PBXFileReference; explicitFileType = wrapper.cfbundle; includeInIndex = 0; path = chdo_foldUITests.xctest; sourceTree = BUILT_PRODUCTS_DIR; };
		E9820EC31E780F530059DCB3 /* chdo_foldUITests.swift */ = {isa = PBXFileReference; lastKnownFileType = sourcecode.swift; path = chdo_foldUITests.swift; sourceTree = "<group>"; };
		E9820EC51E780F530059DCB3 /* Info.plist */ = {isa = PBXFileReference; lastKnownFileType = text.plist.xml; path = Info.plist; sourceTree = "<group>"; };
		E9820ED11E781E3A0059DCB3 /* TableViewController.swift */ = {isa = PBXFileReference; fileEncoding = 4; lastKnownFileType = sourcecode.swift; path = TableViewController.swift; sourceTree = "<group>"; };
		E9820ED81E78225F0059DCB3 /* NodeMD.swift */ = {isa = PBXFileReference; fileEncoding = 4; lastKnownFileType = sourcecode.swift; path = NodeMD.swift; sourceTree = "<group>"; };
		E9820EDB1E7824060059DCB3 /* static.swift */ = {isa = PBXFileReference; fileEncoding = 4; lastKnownFileType = sourcecode.swift; path = static.swift; sourceTree = "<group>"; };
		E9820EDD1E7827890059DCB3 /* NodeStruct.swift */ = {isa = PBXFileReference; fileEncoding = 4; lastKnownFileType = sourcecode.swift; path = NodeStruct.swift; sourceTree = "<group>"; };
/* End PBXFileReference section */

/* Begin PBXFrameworksBuildPhase section */
		E9820E9D1E780F530059DCB3 /* Frameworks */ = {
			isa = PBXFrameworksBuildPhase;
			buildActionMask = 2147483647;
			files = (
				1FB839B4E3EF2127953DFAF1 /* Pods_chdo_fold.framework in Frameworks */,
			);
			runOnlyForDeploymentPostprocessing = 0;
		};
		E9820EB11E780F530059DCB3 /* Frameworks */ = {
			isa = PBXFrameworksBuildPhase;
			buildActionMask = 2147483647;
			files = (
			);
			runOnlyForDeploymentPostprocessing = 0;
		};
		E9820EBC1E780F530059DCB3 /* Frameworks */ = {
			isa = PBXFrameworksBuildPhase;
			buildActionMask = 2147483647;
			files = (
			);
			runOnlyForDeploymentPostprocessing = 0;
		};
/* End PBXFrameworksBuildPhase section */

/* Begin PBXGroup section */
		63AAD6E428B96B7AB61CA3BC /* Frameworks */ = {
			isa = PBXGroup;
			children = (
				72A224FBCAE012E7F735939C /* Pods_chdo_fold.framework */,
			);
			name = Frameworks;
			sourceTree = "<group>";
		};
		C28BBB0E9B594EA4DDE87187 /* Pods */ = {
			isa = PBXGroup;
			children = (
				5670A36B382A2375410BF3CC /* Pods-chdo_fold.debug.xcconfig */,
				29C08B61FC2859AB4F37B075 /* Pods-chdo_fold.release.xcconfig */,
			);
			name = Pods;
			sourceTree = "<group>";
		};
		E9820E971E780F530059DCB3 = {
			isa = PBXGroup;
			children = (
				E9820EA21E780F530059DCB3 /* chdo_fold */,
				E9820EB71E780F530059DCB3 /* chdo_foldTests */,
				E9820EC21E780F530059DCB3 /* chdo_foldUITests */,
				E9820EA11E780F530059DCB3 /* Products */,
				C28BBB0E9B594EA4DDE87187 /* Pods */,
				63AAD6E428B96B7AB61CA3BC /* Frameworks */,
			);
			sourceTree = "<group>";
		};
		E9820EA11E780F530059DCB3 /* Products */ = {
			isa = PBXGroup;
			children = (
				E9820EA01E780F530059DCB3 /* chdo_fold.app */,
				E9820EB41E780F530059DCB3 /* chdo_foldTests.xctest */,
				E9820EBF1E780F530059DCB3 /* chdo_foldUITests.xctest */,
			);
			name = Products;
			sourceTree = "<group>";
		};
		E9820EA21E780F530059DCB3 /* chdo_fold */ = {
			isa = PBXGroup;
			children = (
				E9820ED71E7821FA0059DCB3 /* fold */,
				E9820EA31E780F530059DCB3 /* AppDelegate.swift */,
				E9820ED11E781E3A0059DCB3 /* TableViewController.swift */,
				E96AD8511E976DBE0081552A /* DeleteNode.swift */,
				E9820EAA1E780F530059DCB3 /* Assets.xcassets */,
				E9820EAC1E780F530059DCB3 /* LaunchScreen.storyboard */,
				E9820EAF1E780F530059DCB3 /* Info.plist */,
			);
			path = chdo_fold;
			sourceTree = "<group>";
		};
		E9820EB71E780F530059DCB3 /* chdo_foldTests */ = {
			isa = PBXGroup;
			children = (
				E9820EB81E780F530059DCB3 /* chdo_foldTests.swift */,
				E9820EBA1E780F530059DCB3 /* Info.plist */,
			);
			path = chdo_foldTests;
			sourceTree = "<group>";
		};
		E9820EC21E780F530059DCB3 /* chdo_foldUITests */ = {
			isa = PBXGroup;
			children = (
				E9820EC31E780F530059DCB3 /* chdo_foldUITests.swift */,
				E9820EC51E780F530059DCB3 /* Info.plist */,
			);
			path = chdo_foldUITests;
			sourceTree = "<group>";
		};
		E9820ED71E7821FA0059DCB3 /* fold */ = {
			isa = PBXGroup;
			children = (
				E9820ED81E78225F0059DCB3 /* NodeMD.swift */,
				E941BF151E83F07B00086BA5 /* NodeDB.swift */,
				E9820EDD1E7827890059DCB3 /* NodeStruct.swift */,
				E9820EDB1E7824060059DCB3 /* static.swift */,
			);
			path = fold;
			sourceTree = "<group>";
		};
/* End PBXGroup section */

/* Begin PBXNativeTarget section */
		E9820E9F1E780F530059DCB3 /* chdo_fold */ = {
			isa = PBXNativeTarget;
			buildConfigurationList = E9820EC81E780F530059DCB3 /* Build configuration list for PBXNativeTarget "chdo_fold" */;
			buildPhases = (
				E4BB50BDFA58A98449892B72 /* [CP] Check Pods Manifest.lock */,
				E9820E9C1E780F530059DCB3 /* Sources */,
				E9820E9D1E780F530059DCB3 /* Frameworks */,
				E9820E9E1E780F530059DCB3 /* Resources */,
				9E0ED4818EB3715955485BAF /* [CP] Embed Pods Frameworks */,
				DA49633DA6F6B3E945E8563C /* [CP] Copy Pods Resources */,
			);
			buildRules = (
			);
			dependencies = (
			);
			name = chdo_fold;
			productName = chdo_fold;
			productReference = E9820EA01E780F530059DCB3 /* chdo_fold.app */;
			productType = "com.apple.product-type.application";
		};
		E9820EB31E780F530059DCB3 /* chdo_foldTests */ = {
			isa = PBXNativeTarget;
			buildConfigurationList = E9820ECB1E780F530059DCB3 /* Build configuration list for PBXNativeTarget "chdo_foldTests" */;
			buildPhases = (
				E9820EB01E780F530059DCB3 /* Sources */,
				E9820EB11E780F530059DCB3 /* Frameworks */,
				E9820EB21E780F530059DCB3 /* Resources */,
			);
			buildRules = (
			);
			dependencies = (
				E9820EB61E780F530059DCB3 /* PBXTargetDependency */,
			);
			name = chdo_foldTests;
			productName = chdo_foldTests;
			productReference = E9820EB41E780F530059DCB3 /* chdo_foldTests.xctest */;
			productType = "com.apple.product-type.bundle.unit-test";
		};
		E9820EBE1E780F530059DCB3 /* chdo_foldUITests */ = {
			isa = PBXNativeTarget;
			buildConfigurationList = E9820ECE1E780F530059DCB3 /* Build configuration list for PBXNativeTarget "chdo_foldUITests" */;
			buildPhases = (
				E9820EBB1E780F530059DCB3 /* Sources */,
				E9820EBC1E780F530059DCB3 /* Frameworks */,
				E9820EBD1E780F530059DCB3 /* Resources */,
			);
			buildRules = (
			);
			dependencies = (
				E9820EC11E780F530059DCB3 /* PBXTargetDependency */,
			);
			name = chdo_foldUITests;
			productName = chdo_foldUITests;
			productReference = E9820EBF1E780F530059DCB3 /* chdo_foldUITests.xctest */;
			productType = "com.apple.product-type.bundle.ui-testing";
		};
/* End PBXNativeTarget section */

/* Begin PBXProject section */
		E9820E981E780F530059DCB3 /* Project object */ = {
			isa = PBXProject;
			attributes = {
				LastSwiftUpdateCheck = 0820;
				LastUpgradeCheck = 0820;
				ORGANIZATIONNAME = yw;
				TargetAttributes = {
					E9820E9F1E780F530059DCB3 = {
						CreatedOnToolsVersion = 8.2;
						DevelopmentTeam = 2UPL3JMY5X;
						ProvisioningStyle = Automatic;
					};
					E9820EB31E780F530059DCB3 = {
						CreatedOnToolsVersion = 8.2;
						ProvisioningStyle = Automatic;
						TestTargetID = E9820E9F1E780F530059DCB3;
					};
					E9820EBE1E780F530059DCB3 = {
						CreatedOnToolsVersion = 8.2;
						ProvisioningStyle = Automatic;
						TestTargetID = E9820E9F1E780F530059DCB3;
					};
				};
			};
			buildConfigurationList = E9820E9B1E780F530059DCB3 /* Build configuration list for PBXProject "chdo_fold" */;
			compatibilityVersion = "Xcode 3.2";
			developmentRegion = English;
			hasScannedForEncodings = 0;
			knownRegions = (
				en,
				Base,
			);
			mainGroup = E9820E971E780F530059DCB3;
			productRefGroup = E9820EA11E780F530059DCB3 /* Products */;
			projectDirPath = "";
			projectRoot = "";
			targets = (
				E9820E9F1E780F530059DCB3 /* chdo_fold */,
				E9820EB31E780F530059DCB3 /* chdo_foldTests */,
				E9820EBE1E780F530059DCB3 /* chdo_foldUITests */,
			);
		};
/* End PBXProject section */

/* Begin PBXResourcesBuildPhase section */
		E9820E9E1E780F530059DCB3 /* Resources */ = {
			isa = PBXResourcesBuildPhase;
			buildActionMask = 2147483647;
			files = (
				E9820EAE1E780F530059DCB3 /* LaunchScreen.storyboard in Resources */,
				E9820EAB1E780F530059DCB3 /* Assets.xcassets in Resources */,
			);
			runOnlyForDeploymentPostprocessing = 0;
		};
		E9820EB21E780F530059DCB3 /* Resources */ = {
			isa = PBXResourcesBuildPhase;
			buildActionMask = 2147483647;
			files = (
			);
			runOnlyForDeploymentPostprocessing = 0;
		};
		E9820EBD1E780F530059DCB3 /* Resources */ = {
			isa = PBXResourcesBuildPhase;
			buildActionMask = 2147483647;
			files = (
			);
			runOnlyForDeploymentPostprocessing = 0;
		};
/* End PBXResourcesBuildPhase section */

/* Begin PBXShellScriptBuildPhase section */
		9E0ED4818EB3715955485BAF /* [CP] Embed Pods Frameworks */ = {
			isa = PBXShellScriptBuildPhase;
			buildActionMask = 2147483647;
			files = (
			);
			inputPaths = (
			);
			name = "[CP] Embed Pods Frameworks";
			outputPaths = (
			);
			runOnlyForDeploymentPostprocessing = 0;
			shellPath = /bin/sh;
			shellScript = "\"${SRCROOT}/Pods/Target Support Files/Pods-chdo_fold/Pods-chdo_fold-frameworks.sh\"\n";
			showEnvVarsInLog = 0;
		};
		DA49633DA6F6B3E945E8563C /* [CP] Copy Pods Resources */ = {
			isa = PBXShellScriptBuildPhase;
			buildActionMask = 2147483647;
			files = (
			);
			inputPaths = (
			);
			name = "[CP] Copy Pods Resources";
			outputPaths = (
			);
			runOnlyForDeploymentPostprocessing = 0;
			shellPath = /bin/sh;
			shellScript = "\"${SRCROOT}/Pods/Target Support Files/Pods-chdo_fold/Pods-chdo_fold-resources.sh\"\n";
			showEnvVarsInLog = 0;
		};
		E4BB50BDFA58A98449892B72 /* [CP] Check Pods Manifest.lock */ = {
			isa = PBXShellScriptBuildPhase;
			buildActionMask = 2147483647;
			files = (
			);
			inputPaths = (
			);
			name = "[CP] Check Pods Manifest.lock";
			outputPaths = (
			);
			runOnlyForDeploymentPostprocessing = 0;
			shellPath = /bin/sh;
			shellScript = "diff \"${PODS_ROOT}/../Podfile.lock\" \"${PODS_ROOT}/Manifest.lock\" > /dev/null\nif [ $? != 0 ] ; then\n    # print error to STDERR\n    echo \"error: The sandbox is not in sync with the Podfile.lock. Run 'pod install' or update your CocoaPods installation.\" >&2\n    exit 1\nfi\n";
			showEnvVarsInLog = 0;
		};
/* End PBXShellScriptBuildPhase section */

/* Begin PBXSourcesBuildPhase section */
		E9820E9C1E780F530059DCB3 /* Sources */ = {
			isa = PBXSourcesBuildPhase;
			buildActionMask = 2147483647;
			files = (
				E96AD8521E976DBE0081552A /* DeleteNode.swift in Sources */,
				E941BF161E83F07B00086BA5 /* NodeDB.swift in Sources */,
				E9820EA41E780F530059DCB3 /* AppDelegate.swift in Sources */,
				E9820ED91E78225F0059DCB3 /* NodeMD.swift in Sources */,
				E9820ED21E781E3A0059DCB3 /* TableViewController.swift in Sources */,
				E9820EDC1E7824060059DCB3 /* static.swift in Sources */,
				E9820EDE1E7827890059DCB3 /* NodeStruct.swift in Sources */,
			);
			runOnlyForDeploymentPostprocessing = 0;
		};
		E9820EB01E780F530059DCB3 /* Sources */ = {
			isa = PBXSourcesBuildPhase;
			buildActionMask = 2147483647;
			files = (
				E9820EB91E780F530059DCB3 /* chdo_foldTests.swift in Sources */,
			);
			runOnlyForDeploymentPostprocessing = 0;
		};
		E9820EBB1E780F530059DCB3 /* Sources */ = {
			isa = PBXSourcesBuildPhase;
			buildActionMask = 2147483647;
			files = (
				E9820EC41E780F530059DCB3 /* chdo_foldUITests.swift in Sources */,
			);
			runOnlyForDeploymentPostprocessing = 0;
		};
/* End PBXSourcesBuildPhase section */

/* Begin PBXTargetDependency section */
		E9820EB61E780F530059DCB3 /* PBXTargetDependency */ = {
			isa = PBXTargetDependency;
			target = E9820E9F1E780F530059DCB3 /* chdo_fold */;
			targetProxy = E9820EB51E780F530059DCB3 /* PBXContainerItemProxy */;
		};
		E9820EC11E780F530059DCB3 /* PBXTargetDependency */ = {
			isa = PBXTargetDependency;
			target = E9820E9F1E780F530059DCB3 /* chdo_fold */;
			targetProxy = E9820EC01E780F530059DCB3 /* PBXContainerItemProxy */;
		};
/* End PBXTargetDependency section */

/* Begin PBXVariantGroup section */
		E9820EAC1E780F530059DCB3 /* LaunchScreen.storyboard */ = {
			isa = PBXVariantGroup;
			children = (
				E9820EAD1E780F530059DCB3 /* Base */,
			);
			name = LaunchScreen.storyboard;
			sourceTree = "<group>";
		};
/* End PBXVariantGroup section */

/* Begin XCBuildConfiguration section */
		E9820EC61E780F530059DCB3 /* Debug */ = {
			isa = XCBuildConfiguration;
			buildSettings = {
				ALWAYS_SEARCH_USER_PATHS = NO;
				CLANG_ANALYZER_NONNULL = YES;
				CLANG_CXX_LANGUAGE_STANDARD = "gnu++0x";
				CLANG_CXX_LIBRARY = "libc++";
				CLANG_ENABLE_MODULES = YES;
				CLANG_ENABLE_OBJC_ARC = YES;
				CLANG_WARN_BOOL_CONVERSION = YES;
				CLANG_WARN_CONSTANT_CONVERSION = YES;
				CLANG_WARN_DIRECT_OBJC_ISA_USAGE = YES_ERROR;
				CLANG_WARN_DOCUMENTATION_COMMENTS = YES;
				CLANG_WARN_EMPTY_BODY = YES;
				CLANG_WARN_ENUM_CONVERSION = YES;
				CLANG_WARN_INFINITE_RECURSION = YES;
				CLANG_WARN_INT_CONVERSION = YES;
				CLANG_WARN_OBJC_ROOT_CLASS = YES_ERROR;
				CLANG_WARN_SUSPICIOUS_MOVE = YES;
				CLANG_WARN_UNREACHABLE_CODE = YES;
				CLANG_WARN__DUPLICATE_METHOD_MATCH = YES;
				"CODE_SIGN_IDENTITY[sdk=iphoneos*]" = "iPhone Developer";
				COPY_PHASE_STRIP = NO;
				DEBUG_INFORMATION_FORMAT = dwarf;
				ENABLE_STRICT_OBJC_MSGSEND = YES;
				ENABLE_TESTABILITY = YES;
				GCC_C_LANGUAGE_STANDARD = gnu99;
				GCC_DYNAMIC_NO_PIC = NO;
				GCC_NO_COMMON_BLOCKS = YES;
				GCC_OPTIMIZATION_LEVEL = 0;
				GCC_PREPROCESSOR_DEFINITIONS = (
					"DEBUG=1",
					"$(inherited)",
				);
				GCC_WARN_64_TO_32_BIT_CONVERSION = YES;
				GCC_WARN_ABOUT_RETURN_TYPE = YES_ERROR;
				GCC_WARN_UNDECLARED_SELECTOR = YES;
				GCC_WARN_UNINITIALIZED_AUTOS = YES_AGGRESSIVE;
				GCC_WARN_UNUSED_FUNCTION = YES;
				GCC_WARN_UNUSED_VARIABLE = YES;
				IPHONEOS_DEPLOYMENT_TARGET = 10.2;
				MTL_ENABLE_DEBUG_INFO = YES;
				ONLY_ACTIVE_ARCH = YES;
				SDKROOT = iphoneos;
				SWIFT_ACTIVE_COMPILATION_CONDITIONS = DEBUG;
				SWIFT_OPTIMIZATION_LEVEL = "-Onone";
			};
			name = Debug;
		};
		E9820EC71E780F530059DCB3 /* Release */ = {
			isa = XCBuildConfiguration;
			buildSettings = {
				ALWAYS_SEARCH_USER_PATHS = NO;
				CLANG_ANALYZER_NONNULL = YES;
				CLANG_CXX_LANGUAGE_STANDARD = "gnu++0x";
				CLANG_CXX_LIBRARY = "libc++";
				CLANG_ENABLE_MODULES = YES;
				CLANG_ENABLE_OBJC_ARC = YES;
				CLANG_WARN_BOOL_CONVERSION = YES;
				CLANG_WARN_CONSTANT_CONVERSION = YES;
				CLANG_WARN_DIRECT_OBJC_ISA_USAGE = YES_ERROR;
				CLANG_WARN_DOCUMENTATION_COMMENTS = YES;
				CLANG_WARN_EMPTY_BODY = YES;
				CLANG_WARN_ENUM_CONVERSION = YES;
				CLANG_WARN_INFINITE_RECURSION = YES;
				CLANG_WARN_INT_CONVERSION = YES;
				CLANG_WARN_OBJC_ROOT_CLASS = YES_ERROR;
				CLANG_WARN_SUSPICIOUS_MOVE = YES;
				CLANG_WARN_UNREACHABLE_CODE = YES;
				CLANG_WARN__DUPLICATE_METHOD_MATCH = YES;
				"CODE_SIGN_IDENTITY[sdk=iphoneos*]" = "iPhone Developer";
				COPY_PHASE_STRIP = NO;
				DEBUG_INFORMATION_FORMAT = "dwarf-with-dsym";
				ENABLE_NS_ASSERTIONS = NO;
				ENABLE_STRICT_OBJC_MSGSEND = YES;
				GCC_C_LANGUAGE_STANDARD = gnu99;
				GCC_NO_COMMON_BLOCKS = YES;
				GCC_WARN_64_TO_32_BIT_CONVERSION = YES;
				GCC_WARN_ABOUT_RETURN_TYPE = YES_ERROR;
				GCC_WARN_UNDECLARED_SELECTOR = YES;
				GCC_WARN_UNINITIALIZED_AUTOS = YES_AGGRESSIVE;
				GCC_WARN_UNUSED_FUNCTION = YES;
				GCC_WARN_UNUSED_VARIABLE = YES;
				IPHONEOS_DEPLOYMENT_TARGET = 10.2;
				MTL_ENABLE_DEBUG_INFO = NO;
				SDKROOT = iphoneos;
				SWIFT_OPTIMIZATION_LEVEL = "-Owholemodule";
				VALIDATE_PRODUCT = YES;
			};
			name = Release;
		};
		E9820EC91E780F530059DCB3 /* Debug */ = {
			isa = XCBuildConfiguration;
			baseConfigurationReference = 5670A36B382A2375410BF3CC /* Pods-chdo_fold.debug.xcconfig */;
			buildSettings = {
				ASSETCATALOG_COMPILER_APPICON_NAME = AppIcon;
				DEVELOPMENT_TEAM = 2UPL3JMY5X;
				FRAMEWORK_SEARCH_PATHS = "$(inherited)";
				INFOPLIST_FILE = chdo_fold/Info.plist;
				LD_RUNPATH_SEARCH_PATHS = "$(inherited) @executable_path/Frameworks";
				PRODUCT_BUNDLE_IDENTIFIER = "yw.chdo-fold";
				PRODUCT_NAME = "$(TARGET_NAME)";
				SWIFT_VERSION = 3.0;
			};
			name = Debug;
		};
		E9820ECA1E780F530059DCB3 /* Release */ = {
			isa = XCBuildConfiguration;
			baseConfigurationReference = 29C08B61FC2859AB4F37B075 /* Pods-chdo_fold.release.xcconfig */;
			buildSettings = {
				ASSETCATALOG_COMPILER_APPICON_NAME = AppIcon;
				DEVELOPMENT_TEAM = 2UPL3JMY5X;
				FRAMEWORK_SEARCH_PATHS = "$(inherited)";
				INFOPLIST_FILE = chdo_fold/Info.plist;
				LD_RUNPATH_SEARCH_PATHS = "$(inherited) @executable_path/Frameworks";
				PRODUCT_BUNDLE_IDENTIFIER = "yw.chdo-fold";
				PRODUCT_NAME = "$(TARGET_NAME)";
				SWIFT_VERSION = 3.0;
			};
			name = Release;
		};
		E9820ECC1E780F530059DCB3 /* Debug */ = {
			isa = XCBuildConfiguration;
			buildSettings = {
				ALWAYS_EMBED_SWIFT_STANDARD_LIBRARIES = YES;
				BUNDLE_LOADER = "$(TEST_HOST)";
				INFOPLIST_FILE = chdo_foldTests/Info.plist;
				LD_RUNPATH_SEARCH_PATHS = "$(inherited) @executable_path/Frameworks @loader_path/Frameworks";
				PRODUCT_BUNDLE_IDENTIFIER = "yw.chdo-foldTests";
				PRODUCT_NAME = "$(TARGET_NAME)";
				SWIFT_VERSION = 3.0;
				TEST_HOST = "$(BUILT_PRODUCTS_DIR)/chdo_fold.app/chdo_fold";
			};
			name = Debug;
		};
		E9820ECD1E780F530059DCB3 /* Release */ = {
			isa = XCBuildConfiguration;
			buildSettings = {
				ALWAYS_EMBED_SWIFT_STANDARD_LIBRARIES = YES;
				BUNDLE_LOADER = "$(TEST_HOST)";
				INFOPLIST_FILE = chdo_foldTests/Info.plist;
				LD_RUNPATH_SEARCH_PATHS = "$(inherited) @executable_path/Frameworks @loader_path/Frameworks";
				PRODUCT_BUNDLE_IDENTIFIER = "yw.chdo-foldTests";
				PRODUCT_NAME = "$(TARGET_NAME)";
				SWIFT_VERSION = 3.0;
				TEST_HOST = "$(BUILT_PRODUCTS_DIR)/chdo_fold.app/chdo_fold";
			};
			name = Release;
		};
		E9820ECF1E780F530059DCB3 /* Debug */ = {
			isa = XCBuildConfiguration;
			buildSettings = {
				ALWAYS_EMBED_SWIFT_STANDARD_LIBRARIES = YES;
				INFOPLIST_FILE = chdo_foldUITests/Info.plist;
				LD_RUNPATH_SEARCH_PATHS = "$(inherited) @executable_path/Frameworks @loader_path/Frameworks";
				PRODUCT_BUNDLE_IDENTIFIER = "yw.chdo-foldUITests";
				PRODUCT_NAME = "$(TARGET_NAME)";
				SWIFT_VERSION = 3.0;
				TEST_TARGET_NAME = chdo_fold;
			};
			name = Debug;
		};
		E9820ED01E780F530059DCB3 /* Release */ = {
			isa = XCBuildConfiguration;
			buildSettings = {
				ALWAYS_EMBED_SWIFT_STANDARD_LIBRARIES = YES;
				INFOPLIST_FILE = chdo_foldUITests/Info.plist;
				LD_RUNPATH_SEARCH_PATHS = "$(inherited) @executable_path/Frameworks @loader_path/Frameworks";
				PRODUCT_BUNDLE_IDENTIFIER = "yw.chdo-foldUITests";
				PRODUCT_NAME = "$(TARGET_NAME)";
				SWIFT_VERSION = 3.0;
				TEST_TARGET_NAME = chdo_fold;
			};
			name = Release;
		};
/* End XCBuildConfiguration section */

/* Begin XCConfigurationList section */
		E9820E9B1E780F530059DCB3 /* Build configuration list for PBXProject "chdo_fold" */ = {
			isa = XCConfigurationList;
			buildConfigurations = (
				E9820EC61E780F530059DCB3 /* Debug */,
				E9820EC71E780F530059DCB3 /* Release */,
			);
			defaultConfigurationIsVisible = 0;
			defaultConfigurationName = Release;
		};
		E9820EC81E780F530059DCB3 /* Build configuration list for PBXNativeTarget "chdo_fold" */ = {
			isa = XCConfigurationList;
			buildConfigurations = (
				E9820EC91E780F530059DCB3 /* Debug */,
				E9820ECA1E780F530059DCB3 /* Release */,
			);
			defaultConfigurationIsVisible = 0;
			defaultConfigurationName = Release;
		};
		E9820ECB1E780F530059DCB3 /* Build configuration list for PBXNativeTarget "chdo_foldTests" */ = {
			isa = XCConfigurationList;
			buildConfigurations = (
				E9820ECC1E780F530059DCB3 /* Debug */,
				E9820ECD1E780F530059DCB3 /* Release */,
			);
			defaultConfigurationIsVisible = 0;
			defaultConfigurationName = Release;
		};
		E9820ECE1E780F530059DCB3 /* Build configuration list for PBXNativeTarget "chdo_foldUITests" */ = {
			isa = XCConfigurationList;
			buildConfigurations = (
				E9820ECF1E780F530059DCB3 /* Debug */,
				E9820ED01E780F530059DCB3 /* Release */,
			);
			defaultConfigurationIsVisible = 0;
			defaultConfigurationName = Release;
		};
/* End XCConfigurationList section */
	};
	rootObject = E9820E981E780F530059DCB3 /* Project object */;
}
