// !$*UTF8*$!
{
	archiveVersion = 1;
	classes = {
	};
	objectVersion = 46;
	objects = {

/* Begin PBXBuildFile section */
		E9820EA41E780F530059DCB3 /* AppDelegate.swift in Sources */ = {isa = PBXBuildFile; fileRef = E9820EA31E780F530059DCB3 /* AppDelegate.swift */; };
		E9820EA61E780F530059DCB3 /* ViewController.swift in Sources */ = {isa = PBXBuildFile; fileRef = E9820EA51E780F530059DCB3 /* ViewController.swift */; };
		E9820EA91E780F530059DCB3 /* Main.storyboard in Resources */ = {isa = PBXBuildFile; fileRef = E9820EA71E780F530059DCB3 /* Main.storyboard */; };
		E9820EAB1E780F530059DCB3 /* Assets.xcassets in Resources */ = {isa = PBXBuildFile; fileRef = E9820EAA1E780F530059DCB3 /* Assets.xcassets */; };
		E9820EAE1E780F530059DCB3 /* LaunchScreen.storyboard in Resources */ = {isa = PBXBuildFile; fileRef = E9820EAC1E780F530059DCB3 /* LaunchScreen.storyboard */; };
		E9820EB91E780F530059DCB3 /* chdo_foldTests.swift in Sources */ = {isa = PBXBuildFile; fileRef = E9820EB81E780F530059DCB3 /* chdo_foldTests.swift */; };
		E9820EC41E780F530059DCB3 /* chdo_foldUITests.swift in Sources */ = {isa = PBXBuildFile; fileRef = E9820EC31E780F530059DCB3 /* chdo_foldUITests.swift */; };
/* End PBXBuildFile section */

/* Begin PBXContainerItemProxy section */
		E9820EB51E780F530059DCB3 /* PBXContainerItemProxy */ = {
			isa = PBXContainerItemProxy;
			containerPortal = E9820E981E780F530059DCB3 /* Project object */;
			proxyType = 1;
			remoteGlobalIDString = E9820E9F1E780F530059DCB3;
			remoteInfo = chdo_fold;
		};
		E9820EC01E780F530059DCB3 /* PBXContainerItemProxy */ = {
			isa = PBXContainerItemProxy;
			containerPortal = E9820E981E780F530059DCB3 /* Project object */;
			proxyType = 1;
			remoteGlobalIDString = E9820E9F1E780F530059DCB3;
			remoteInfo = chdo_fold;
		};
/* End PBXContainerItemProxy section */

/* Begin PBXFileReference section */
		E9820EA01E780F530059DCB3 /* chdo_fold.app */ = {isa = PBXFileReference; explicitFileType = wrapper.application; includeInIndex = 0; path = chdo_fold.app; sourceTree = BUILT_PRODUCTS_DIR; };
		E9820EA31E780F530059DCB3 /* AppDelegate.swift */ = {isa = PBXFileReference; lastKnownFileType = sourcecode.swift; path = AppDelegate.swift; sourceTree = "<group>"; };
		E9820EA51E780F530059DCB3 /* ViewController.swift */ = {isa = PBXFileReference; lastKnownFileType = sourcecode.swift; path = ViewController.swift; sourceTree = "<group>"; };
		E9820EA81E780F530059DCB3 /* Base */ = {isa = PBXFileReference; lastKnownFileType = file.storyboard; name = Base; path = Base.lproj/Main.storyboard; sourceTree = "<group>"; };
		E9820EAA1E780F530059DCB3 /* Assets.xcassets */ = {isa = PBXFileReference; lastKnownFileType = folder.assetcatalog; path = Assets.xcassets; sourceTree = "<group>"; };
		E9820EAD1E780F530059DCB3 /* Base */ = {isa = PBXFileReference; lastKnownFileType = file.storyboard; name = Base; path = Base.lproj/LaunchScreen.storyboard; sourceTree = "<group>"; };
		E9820EAF1E780F530059DCB3 /* Info.plist */ = {isa = PBXFileReference; lastKnownFileType = text.plist.xml; path = Info.plist; sourceTree = "<group>"; };
		E9820EB41E780F530059DCB3 /* chdo_foldTests.xctest */ = {isa = PBXFileReference; explicitFileType = wrapper.cfbundle; includeInIndex = 0; path = chdo_foldTests.xctest; sourceTree = BUILT_PRODUCTS_DIR; };
		E9820EB81E780F530059DCB3 /* chdo_foldTests.swift */ = {isa = PBXFileReference; lastKnownFileType = sourcecode.swift; path = chdo_foldTests.swift; sourceTree = "<group>"; };
		E9820EBA1E780F530059DCB3 /* Info.plist */ = {isa = PBXFileReference; lastKnownFileType = text.plist.xml; path = Info.plist; sourceTree = "<group>"; };
		E9820EBF1E780F530059DCB3 /* chdo_foldUITests.xctest */ = {isa = PBXFileReference; explicitFileType = wrapper.cfbundle; includeInIndex = 0; path = chdo_foldUITests.xctest; sourceTree = BUILT_PRODUCTS_DIR; };
		E9820EC31E780F530059DCB3 /* chdo_foldUITests.swift */ = {isa = PBXFileReference; lastKnownFileType = sourcecode.swift; path = chdo_foldUITests.swift; sourceTree = "<group>"; };
		E9820EC51E780F530059DCB3 /* Info.plist */ = {isa = PBXFileReference; lastKnownFileType = text.plist.xml; path = Info.plist; sourceTree = "<group>"; };
/* End PBXFileReference section */

/* Begin PBXFrameworksBuildPhase section */
		E9820E9D1E780F530059DCB3 /* Frameworks */ = {
			isa = PBXFrameworksBuildPhase;
			buildActionMask = 2147483647;
			files = (
			);
			runOnlyForDeploymentPostprocessing = 0;
		};
		E9820EB11E780F530059DCB3 /* Frameworks */ = {
			isa = PBXFrameworksBuildPhase;
			buildActionMask = 2147483647;
			files = (
			);
			runOnlyForDeploymentPostprocessing = 0;
		};
		E9820EBC1E780F530059DCB3 /* Frameworks */ = {
			isa = PBXFrameworksBuildPhase;
			buildActionMask = 2147483647;
			files = (
			);
			runOnlyForDeploymentPostprocessing = 0;
		};
/* End PBXFrameworksBuildPhase section */

/* Begin PBXGroup section */
		E9820E971E780F530059DCB3 = {
			isa = PBXGroup;
			children = (
				E9820EA21E780F530059DCB3 /* chdo_fold */,
				E9820EB71E780F530059DCB3 /* chdo_foldTests */,
				E9820EC21E780F530059DCB3 /* chdo_foldUITests */,
				E9820EA11E780F530059DCB3 /* Products */,
			);
			sourceTree = "<group>";
		};
		E9820EA11E780F530059DCB3 /* Products */ = {
			isa = PBXGroup;
			children = (
				E9820EA01E780F530059DCB3 /* chdo_fold.app */,
				E9820EB41E780F530059DCB3 /* chdo_foldTests.xctest */,
				E9820EBF1E780F530059DCB3 /* chdo_foldUITests.xctest */,
			);
			name = Products;
			sourceTree = "<group>";
		};
		E9820EA21E780F530059DCB3 /* chdo_fold */ = {
			isa = PBXGroup;
			children = (
				E9820EA31E780F530059DCB3 /* AppDelegate.swift */,
				E9820EA51E780F530059DCB3 /* ViewController.swift */,
				E9820EA71E780F530059DCB3 /* Main.storyboard */,
				E9820EAA1E780F530059DCB3 /* Assets.xcassets */,
				E9820EAC1E780F530059DCB3 /* LaunchScreen.storyboard */,
				E9820EAF1E780F530059DCB3 /* Info.plist */,
			);
			path = chdo_fold;
			sourceTree = "<group>";
		};
		E9820EB71E780F530059DCB3 /* chdo_foldTests */ = {
			isa = PBXGroup;
			children = (
				E9820EB81E780F530059DCB3 /* chdo_foldTests.swift */,
				E9820EBA1E780F530059DCB3 /* Info.plist */,
			);
			path = chdo_foldTests;
			sourceTree = "<group>";
		};
		E9820EC21E780F530059DCB3 /* chdo_foldUITests */ = {
			isa = PBXGroup;
			children = (
				E9820EC31E780F530059DCB3 /* chdo_foldUITests.swift */,
				E9820EC51E780F530059DCB3 /* Info.plist */,
			);
			path = chdo_foldUITests;
			sourceTree = "<group>";
		};
/* End PBXGroup section */

/* Begin PBXNativeTarget section */
		E9820E9F1E780F530059DCB3 /* chdo_fold */ = {
			isa = PBXNativeTarget;
			buildConfigurationList = E9820EC81E780F530059DCB3 /* Build configuration list for PBXNativeTarget "chdo_fold" */;
			buildPhases = (
				E9820E9C1E780F530059DCB3 /* Sources */,
				E9820E9D1E780F530059DCB3 /* Frameworks */,
				E9820E9E1E780F530059DCB3 /* Resources */,
			);
			buildRules = (
			);
			dependencies = (
			);
			name = chdo_fold;
			productName = chdo_fold;
			productReference = E9820EA01E780F530059DCB3 /* chdo_fold.app */;
			productType = "com.apple.product-type.application";
		};
		E9820EB31E780F530059DCB3 /* chdo_foldTests */ = {
			isa = PBXNativeTarget;
			buildConfigurationList = E9820ECB1E780F530059DCB3 /* Build configuration list for PBXNativeTarget "chdo_foldTests" */;
			buildPhases = (
				E9820EB01E780F530059DCB3 /* Sources */,
				E9820EB11E780F530059DCB3 /* Frameworks */,
				E9820EB21E780F530059DCB3 /* Resources */,
			);
			buildRules = (
			);
			dependencies = (
				E9820EB61E780F530059DCB3 /* PBXTargetDependency */,
			);
			name = chdo_foldTests;
			productName = chdo_foldTests;
			productReference = E9820EB41E780F530059DCB3 /* chdo_foldTests.xctest */;
			productType = "com.apple.product-type.bundle.unit-test";
		};
		E9820EBE1E780F530059DCB3 /* chdo_foldUITests */ = {
			isa = PBXNativeTarget;
			buildConfigurationList = E9820ECE1E780F530059DCB3 /* Build configuration list for PBXNativeTarget "chdo_foldUITests" */;
			buildPhases = (
				E9820EBB1E780F530059DCB3 /* Sources */,
				E9820EBC1E780F530059DCB3 /* Frameworks */,
				E9820EBD1E780F530059DCB3 /* Resources */,
			);
			buildRules = (
			);
			dependencies = (
				E9820EC11E780F530059DCB3 /* PBXTargetDependency */,
			);
			name = chdo_foldUITests;
			productName = chdo_foldUITests;
			productReference = E9820EBF1E780F530059DCB3 /* chdo_foldUITests.xctest */;
			productType = "com.apple.product-type.bundle.ui-testing";
		};
/* End PBXNativeTarget section */

/* Begin PBXProject section */
		E9820E981E780F530059DCB3 /* Project object */ = {
			isa = PBXProject;
			attributes = {
				LastSwiftUpdateCheck = 0820;
				LastUpgradeCheck = 0820;
				ORGANIZATIONNAME = yw;
				TargetAttributes = {
					E9820E9F1E780F530059DCB3 = {
						CreatedOnToolsVersion = 8.2;
						ProvisioningStyle = Automatic;
					};
					E9820EB31E780F530059DCB3 = {
						CreatedOnToolsVersion = 8.2;
						ProvisioningStyle = Automatic;
						TestTargetID = E9820E9F1E780F530059DCB3;
					};
					E9820EBE1E780F530059DCB3 = {
						CreatedOnToolsVersion = 8.2;
						ProvisioningStyle = Automatic;
						TestTargetID = E9820E9F1E780F530059DCB3;
					};
				};
			};
			buildConfigurationList = E9820E9B1E780F530059DCB3 /* Build configuration list for PBXProject "chdo_fold" */;
			compatibilityVersion = "Xcode 3.2";
			developmentRegion = English;
			hasScannedForEncodings = 0;
			knownRegions = (
				en,
				Base,
			);
			mainGroup = E9820E971E780F530059DCB3;
			productRefGroup = E9820EA11E780F530059DCB3 /* Products */;
			projectDirPath = "";
			projectRoot = "";
			targets = (
				E9820E9F1E780F530059DCB3 /* chdo_fold */,
				E9820EB31E780F530059DCB3 /* chdo_foldTests */,
				E9820EBE1E780F530059DCB3 /* chdo_foldUITests */,
			);
		};
/* End PBXProject section */

/* Begin PBXResourcesBuildPhase section */
		E9820E9E1E780F530059DCB3 /* Resources */ = {
			isa = PBXResourcesBuildPhase;
			buildActionMask = 2147483647;
			files = (
				E9820EAE1E780F530059DCB3 /* LaunchScreen.storyboard in Resources */,
				E9820EAB1E780F530059DCB3 /* Assets.xcassets in Resources */,
				E9820EA91E780F530059DCB3 /* Main.storyboard in Resources */,
			);
			runOnlyForDeploymentPostprocessing = 0;
		};
		E9820EB21E780F530059DCB3 /* Resources */ = {
			isa = PBXResourcesBuildPhase;
			buildActionMask = 2147483647;
			files = (
			);
			runOnlyForDeploymentPostprocessing = 0;
		};
		E9820EBD1E780F530059DCB3 /* Resources */ = {
			isa = PBXResourcesBuildPhase;
			buildActionMask = 2147483647;
			files = (
			);
			runOnlyForDeploymentPostprocessing = 0;
		};
/* End PBXResourcesBuildPhase section */

/* Begin PBXSourcesBuildPhase section */
		E9820E9C1E780F530059DCB3 /* Sources */ = {
			isa = PBXSourcesBuildPhase;
			buildActionMask = 2147483647;
			files = (
				E9820EA61E780F530059DCB3 /* ViewController.swift in Sources */,
				E9820EA41E780F530059DCB3 /* AppDelegate.swift in Sources */,
			);
			runOnlyForDeploymentPostprocessing = 0;
		};
		E9820EB01E780F530059DCB3 /* Sources */ = {
			isa = PBXSourcesBuildPhase;
			buildActionMask = 2147483647;
			files = (
				E9820EB91E780F530059DCB3 /* chdo_foldTests.swift in Sources */,
			);
			runOnlyForDeploymentPostprocessing = 0;
		};
		E9820EBB1E780F530059DCB3 /* Sources */ = {
			isa = PBXSourcesBuildPhase;
			buildActionMask = 2147483647;
			files = (
				E9820EC41E780F530059DCB3 /* chdo_foldUITests.swift in Sources */,
			);
			runOnlyForDeploymentPostprocessing = 0;
		};
/* End PBXSourcesBuildPhase section */

/* Begin PBXTargetDependency section */
		E9820EB61E780F530059DCB3 /* PBXTargetDependency */ = {
			isa = PBXTargetDependency;
			target = E9820E9F1E780F530059DCB3 /* chdo_fold */;
			targetProxy = E9820EB51E780F530059DCB3 /* PBXContainerItemProxy */;
		};
		E9820EC11E780F530059DCB3 /* PBXTargetDependency */ = {
			isa = PBXTargetDependency;
			target = E9820E9F1E780F530059DCB3 /* chdo_fold */;
			targetProxy = E9820EC01E780F530059DCB3 /* PBXContainerItemProxy */;
		};
/* End PBXTargetDependency section */

/* Begin PBXVariantGroup section */
		E9820EA71E780F530059DCB3 /* Main.storyboard */ = {
			isa = PBXVariantGroup;
			children = (
				E9820EA81E780F530059DCB3 /* Base */,
			);
			name = Main.storyboard;
			sourceTree = "<group>";
		};
		E9820EAC1E780F530059DCB3 /* LaunchScreen.storyboard */ = {
			isa = PBXVariantGroup;
			children = (
				E9820EAD1E780F530059DCB3 /* Base */,
			);
			name = LaunchScreen.storyboard;
			sourceTree = "<group>";
		};
/* End PBXVariantGroup section */

/* Begin XCBuildConfiguration section */
		E9820EC61E780F530059DCB3 /* Debug */ = {
			isa = XCBuildConfiguration;
			buildSettings = {
				ALWAYS_SEARCH_USER_PATHS = NO;
				CLANG_ANALYZER_NONNULL = YES;
				CLANG_CXX_LANGUAGE_STANDARD = "gnu++0x";
				CLANG_CXX_LIBRARY = "libc++";
				CLANG_ENABLE_MODULES = YES;
				CLANG_ENABLE_OBJC_ARC = YES;
				CLANG_WARN_BOOL_CONVERSION = YES;
				CLANG_WARN_CONSTANT_CONVERSION = YES;
				CLANG_WARN_DIRECT_OBJC_ISA_USAGE = YES_ERROR;
				CLANG_WARN_DOCUMENTATION_COMMENTS = YES;
				CLANG_WARN_EMPTY_BODY = YES;
				CLANG_WARN_ENUM_CONVERSION = YES;
				CLANG_WARN_INFINITE_RECURSION = YES;
				CLANG_WARN_INT_CONVERSION = YES;
				CLANG_WARN_OBJC_ROOT_CLASS = YES_ERROR;
				CLANG_WARN_SUSPICIOUS_MOVE = YES;
				CLANG_WARN_UNREACHABLE_CODE = YES;
				CLANG_WARN__DUPLICATE_METHOD_MATCH = YES;
				"CODE_SIGN_IDENTITY[sdk=iphoneos*]" = "iPhone Developer";
				COPY_PHASE_STRIP = NO;
				DEBUG_INFORMATION_FORMAT = dwarf;
				ENABLE_STRICT_OBJC_MSGSEND = YES;
				ENABLE_TESTABILITY = YES;
				GCC_C_LANGUAGE_STANDARD = gnu99;
				GCC_DYNAMIC_NO_PIC = NO;
				GCC_NO_COMMON_BLOCKS = YES;
				GCC_OPTIMIZATION_LEVEL = 0;
				GCC_PREPROCESSOR_DEFINITIONS = (
					"DEBUG=1",
					"$(inherited)",
				);
				GCC_WARN_64_TO_32_BIT_CONVERSION = YES;
				GCC_WARN_ABOUT_RETURN_TYPE = YES_ERROR;
				GCC_WARN_UNDECLARED_SELECTOR = YES;
				GCC_WARN_UNINITIALIZED_AUTOS = YES_AGGRESSIVE;
				GCC_WARN_UNUSED_FUNCTION = YES;
				GCC_WARN_UNUSED_VARIABLE = YES;
				IPHONEOS_DEPLOYMENT_TARGET = 10.2;
				MTL_ENABLE_DEBUG_INFO = YES;
				ONLY_ACTIVE_ARCH = YES;
				SDKROOT = iphoneos;
				SWIFT_ACTIVE_COMPILATION_CONDITIONS = DEBUG;
				SWIFT_OPTIMIZATION_LEVEL = "-Onone";
			};
			name = Debug;
		};
		E9820EC71E780F530059DCB3 /* Release */ = {
			isa = XCBuildConfiguration;
			buildSettings = {
				ALWAYS_SEARCH_USER_PATHS = NO;
				CLANG_ANALYZER_NONNULL = YES;
				CLANG_CXX_LANGUAGE_STANDARD = "gnu++0x";
				CLANG_CXX_LIBRARY = "libc++";
				CLANG_ENABLE_MODULES = YES;
				CLANG_ENABLE_OBJC_ARC = YES;
				CLANG_WARN_BOOL_CONVERSION = YES;
				CLANG_WARN_CONSTANT_CONVERSION = YES;
				CLANG_WARN_DIRECT_OBJC_ISA_USAGE = YES_ERROR;
				CLANG_WARN_DOCUMENTATION_COMMENTS = YES;
				CLANG_WARN_EMPTY_BODY = YES;
				CLANG_WARN_ENUM_CONVERSION = YES;
				CLANG_WARN_INFINITE_RECURSION = YES;
				CLANG_WARN_INT_CONVERSION = YES;
				CLANG_WARN_OBJC_ROOT_CLASS = YES_ERROR;
				CLANG_WARN_SUSPICIOUS_MOVE = YES;
				CLANG_WARN_UNREACHABLE_CODE = YES;
				CLANG_WARN__DUPLICATE_METHOD_MATCH = YES;
				"CODE_SIGN_IDENTITY[sdk=iphoneos*]" = "iPhone Developer";
				COPY_PHASE_STRIP = NO;
				DEBUG_INFORMATION_FORMAT = "dwarf-with-dsym";
				ENABLE_NS_ASSERTIONS = NO;
				ENABLE_STRICT_OBJC_MSGSEND = YES;
				GCC_C_LANGUAGE_STANDARD = gnu99;
				GCC_NO_COMMON_BLOCKS = YES;
				GCC_WARN_64_TO_32_BIT_CONVERSION = YES;
				GCC_WARN_ABOUT_RETURN_TYPE = YES_ERROR;
				GCC_WARN_UNDECLARED_SELECTOR = YES;
				GCC_WARN_UNINITIALIZED_AUTOS = YES_AGGRESSIVE;
				GCC_WARN_UNUSED_FUNCTION = YES;
				GCC_WARN_UNUSED_VARIABLE = YES;
				IPHONEOS_DEPLOYMENT_TARGET = 10.2;
				MTL_ENABLE_DEBUG_INFO = NO;
				SDKROOT = iphoneos;
				SWIFT_OPTIMIZATION_LEVEL = "-Owholemodule";
				VALIDATE_PRODUCT = YES;
			};
			name = Release;
		};
		E9820EC91E780F530059DCB3 /* Debug */ = {
			isa = XCBuildConfiguration;
			buildSettings = {
				ASSETCATALOG_COMPILER_APPICON_NAME = AppIcon;
				INFOPLIST_FILE = chdo_fold/Info.plist;
				LD_RUNPATH_SEARCH_PATHS = "$(inherited) @executable_path/Frameworks";
				PRODUCT_BUNDLE_IDENTIFIER = "yw.chdo-fold";
				PRODUCT_NAME = "$(TARGET_NAME)";
				SWIFT_VERSION = 3.0;
			};
			name = Debug;
		};
		E9820ECA1E780F530059DCB3 /* Release */ = {
			isa = XCBuildConfiguration;
			buildSettings = {
				ASSETCATALOG_COMPILER_APPICON_NAME = AppIcon;
				INFOPLIST_FILE = chdo_fold/Info.plist;
				LD_RUNPATH_SEARCH_PATHS = "$(inherited) @executable_path/Frameworks";
				PRODUCT_BUNDLE_IDENTIFIER = "yw.chdo-fold";
				PRODUCT_NAME = "$(TARGET_NAME)";
				SWIFT_VERSION = 3.0;
			};
			name = Release;
		};
		E9820ECC1E780F530059DCB3 /* Debug */ = {
			isa = XCBuildConfiguration;
			buildSettings = {
				ALWAYS_EMBED_SWIFT_STANDARD_LIBRARIES = YES;
				BUNDLE_LOADER = "$(TEST_HOST)";
				INFOPLIST_FILE = chdo_foldTests/Info.plist;
				LD_RUNPATH_SEARCH_PATHS = "$(inherited) @executable_path/Frameworks @loader_path/Frameworks";
				PRODUCT_BUNDLE_IDENTIFIER = "yw.chdo-foldTests";
				PRODUCT_NAME = "$(TARGET_NAME)";
				SWIFT_VERSION = 3.0;
				TEST_HOST = "$(BUILT_PRODUCTS_DIR)/chdo_fold.app/chdo_fold";
			};
			name = Debug;
		};
		E9820ECD1E780F530059DCB3 /* Release */ = {
			isa = XCBuildConfiguration;
			buildSettings = {
				ALWAYS_EMBED_SWIFT_STANDARD_LIBRARIES = YES;
				BUNDLE_LOADER = "$(TEST_HOST)";
				INFOPLIST_FILE = chdo_foldTests/Info.plist;
				LD_RUNPATH_SEARCH_PATHS = "$(inherited) @executable_path/Frameworks @loader_path/Frameworks";
				PRODUCT_BUNDLE_IDENTIFIER = "yw.chdo-foldTests";
				PRODUCT_NAME = "$(TARGET_NAME)";
				SWIFT_VERSION = 3.0;
				TEST_HOST = "$(BUILT_PRODUCTS_DIR)/chdo_fold.app/chdo_fold";
			};
			name = Release;
		};
		E9820ECF1E780F530059DCB3 /* Debug */ = {
			isa = XCBuildConfiguration;
			buildSettings = {
				ALWAYS_EMBED_SWIFT_STANDARD_LIBRARIES = YES;
				INFOPLIST_FILE = chdo_foldUITests/Info.plist;
				LD_RUNPATH_SEARCH_PATHS = "$(inherited) @executable_path/Frameworks @loader_path/Frameworks";
				PRODUCT_BUNDLE_IDENTIFIER = "yw.chdo-foldUITests";
				PRODUCT_NAME = "$(TARGET_NAME)";
				SWIFT_VERSION = 3.0;
				TEST_TARGET_NAME = chdo_fold;
			};
			name = Debug;
		};
		E9820ED01E780F530059DCB3 /* Release */ = {
			isa = XCBuildConfiguration;
			buildSettings = {
				ALWAYS_EMBED_SWIFT_STANDARD_LIBRARIES = YES;
				INFOPLIST_FILE = chdo_foldUITests/Info.plist;
				LD_RUNPATH_SEARCH_PATHS = "$(inherited) @executable_path/Frameworks @loader_path/Frameworks";
				PRODUCT_BUNDLE_IDENTIFIER = "yw.chdo-foldUITests";
				PRODUCT_NAME = "$(TARGET_NAME)";
				SWIFT_VERSION = 3.0;
				TEST_TARGET_NAME = chdo_fold;
			};
			name = Release;
		};
/* End XCBuildConfiguration section */

/* Begin XCConfigurationList section */
		E9820E9B1E780F530059DCB3 /* Build configuration list for PBXProject "chdo_fold" */ = {
			isa = XCConfigurationList;
			buildConfigurations = (
				E9820EC61E780F530059DCB3 /* Debug */,
				E9820EC71E780F530059DCB3 /* Release */,
			);
			defaultConfigurationIsVisible = 0;
			defaultConfigurationName = Release;
		};
		E9820EC81E780F530059DCB3 /* Build configuration list for PBXNativeTarget "chdo_fold" */ = {
			isa = XCConfigurationList;
			buildConfigurations = (
				E9820EC91E780F530059DCB3 /* Debug */,
				E9820ECA1E780F530059DCB3 /* Release */,
			);
			defaultConfigurationIsVisible = 0;
		};
		E9820ECB1E780F530059DCB3 /* Build configuration list for PBXNativeTarget "chdo_foldTests" */ = {
			isa = XCConfigurationList;
			buildConfigurations = (
				E9820ECC1E780F530059DCB3 /* Debug */,
				E9820ECD1E780F530059DCB3 /* Release */,
			);
			defaultConfigurationIsVisible = 0;
		};
		E9820ECE1E780F530059DCB3 /* Build configuration list for PBXNativeTarget "chdo_foldUITests" */ = {
			isa = XCConfigurationList;
			buildConfigurations = (
				E9820ECF1E780F530059DCB3 /* Debug */,
				E9820ED01E780F530059DCB3 /* Release */,
			);
			defaultConfigurationIsVisible = 0;
		};
/* End XCConfigurationList section */
	};
	rootObject = E9820E981E780F530059DCB3 /* Project object */;
}
