PODS:
  - AsyncDisplayKit (2.2):
    - AsyncDisplayKit/PINRemoteImage (= 2.2)
  - AsyncDisplayKit/Core (2.2)
  - AsyncDisplayKit/PINRemoteImage (2.2):
    - AsyncDisplayKit/Core
    - PINRemoteImage/iOS (= 3.0.0-beta.8)
    - PINRemoteImage/PINCache
  - IQKeyboardManager (4.0.8)
  - MBProgressHUD (1.0.0)
  - PINCache (3.0.1-beta.4):
    - PINCache/Arc-exception-safe (= 3.0.1-beta.4)
    - PINCache/Core (= 3.0.1-beta.4)
  - PINCache/Arc-exception-safe (3.0.1-beta.4):
    - PINCache/Core
  - PINCache/Core (3.0.1-beta.4):
    - PINOperation (= 1.0.3)
  - PINOperation (1.0.3)
  - PINRemoteImage/Core (3.0.0-beta.8)
  - PINRemoteImage/iOS (3.0.0-beta.8):
    - PINRemoteImage/Core
  - PINRemoteImage/PINCache (3.0.0-beta.8):
    - PINCache (= 3.0.1-beta.4)
    - PINRemoteImage/Core
  - Realm (2.4.4):
    - Realm/Headers (= 2.4.4)
  - Realm/Headers (2.4.4)
  - RealmSwift (2.4.4):
    - Realm (= 2.4.4)
  - SnapKit (3.2.0)

DEPENDENCIES:
  - AsyncDisplayKit
  - IQKeyboardManager
  - MBProgressHUD
  - Realm
  - RealmSwift
  - SnapKit

SPEC CHECKSUMS:
  AsyncDisplayKit: 1585f6cd0531ae9b30476f5912f577b73ebcb0e4
  IQKeyboardManager: 1a8189fa153bf09044355ee0ad36826f6767e7f7
  MBProgressHUD: 4890f671c94e8a0f3cf959aa731e9de2f036d71a
  PINCache: a89c8f609232afac77128557bd12c861844423d7
  PINOperation: ac23db44796d4a564ecf9b5ea7163510f579b71d
  PINRemoteImage: c4f9f16932840c597f32e69dd288e10e111a1929
  Realm: 5a280a1f5a9a3c267bebf4f41ee47911137703d7
  RealmSwift: 0c02b9f2d4be4301c497ed10e53a0580584eb1dd
  SnapKit: 1ca44df72cfa543218d177cb8aab029d10d86ea7

PODFILE CHECKSUM: edd123ff36dddb65de0cc8780f8e37c7ac72249c

COCOAPODS: 1.2.0
